{
  "version": 1,
  "dependencies": {
    "net10.0": {
      "LiteDB": {
        "type": "Transitive",
        "resolved": "5.0.21",
        "contentHash": "ykJ7ffFl7P9YQKR/PLci6zupiLrsSCNkOTiw6OtzntH7d2kCYp5L1+3a/pksKgTEHcJBoPXFtg7VZSGVBseN9w=="
      },
      "Newtonsoft.Json": {
        "type": "Transitive",
        "resolved": "13.0.3",
        "contentHash": "HrC5BXdl00IP9zeV+0Z848QWPAoCr9P3bDEZguI+gkLcBKAOxix/tLEAAHC+UvDNPv4a2d18lOReHMOagPa+zQ=="
      },
      "sagas.core": {
        "type": "Project",
        "dependencies": {
          "LiteDB": "[5.0.21, )",
          "Newtonsoft.Json": "[13.0.3, )"
        }
      }
    }
  }
}